
Microsoft Visual Studio Solution File, Format Version 12.00
# Visual Studio 15
VisualStudioVersion = 15.0.28307.168
MinimumVisualStudioVersion = 10.0.40219.1
Project("{FAE04EC0-301F-11D3-BF4B-00C04F79EFBC}") = "ITSProject", "ITSProject\ITSProject.csproj", "{64EDC139-3C10-4CC3-8B4D-C3D4F5619306}"
EndProject
Project("{FAE04EC0-301F-11D3-BF4B-00C04F79EFBC}") = "ITSProject.Tests", "ITSProject.Tests\ITSProject.Tests.csproj", "{41E164EC-216F-42E5-86C4-EC793AEB37B4}"
EndProject
Global
	GlobalSection(SolutionConfigurationPlatforms) = preSolution
		Debug|Any CPU = Debug|Any CPU
		Release|Any CPU = Release|Any CPU
	EndGlobalSection
	GlobalSection(ProjectConfigurationPlatforms) = postSolution
		{64EDC139-3C10-4CC3-8B4D-C3D4F5619306}.Debug|Any CPU.ActiveCfg = Debug|Any CPU
		{64EDC139-3C10-4CC3-8B4D-C3D4F5619306}.Debug|Any CPU.Build.0 = Debug|Any CPU
		{64EDC139-3C10-4CC3-8B4D-C3D4F5619306}.Release|Any CPU.ActiveCfg = Release|Any CPU
		{64EDC139-3C10-4CC3-8B4D-C3D4F5619306}.Release|Any CPU.Build.0 = Release|Any CPU
		{41E164EC-216F-42E5-86C4-EC793AEB37B4}.Debug|Any CPU.ActiveCfg = Debug|Any CPU
		{41E164EC-216F-42E5-86C4-EC793AEB37B4}.Debug|Any CPU.Build.0 = Debug|Any CPU
		{41E164EC-216F-42E5-86C4-EC793AEB37B4}.Release|Any CPU.ActiveCfg = Release|Any CPU
		{41E164EC-216F-42E5-86C4-EC793AEB37B4}.Release|Any CPU.Build.0 = Release|Any CPU
	EndGlobalSection
	GlobalSection(SolutionProperties) = preSolution
		HideSolutionNode = FALSE
	EndGlobalSection
	GlobalSection(ExtensibilityGlobals) = postSolution
		SolutionGuid = {033283AC-82C4-4FF2-A83F-6B2775AB4B84}
	EndGlobalSection
EndGlobal
